
Microsoft Visual Studio Solution File, Format Version 12.00
# Visual Studio Version 16
VisualStudioVersion = 16.0.30711.63
MinimumVisualStudioVersion = 10.0.40219.1
Project("{8BC9CEB8-8B4A-11D0-8D11-00A0C91BC942}") = "Arduino-code", "Arduino-code\Arduino-code.vcxproj", "{C5F80730-F44F-4478-BDAE-6634EFC2CA88}"
EndProject
Project("{8BC9CEB8-8B4A-11D0-8D11-00A0C91BC942}") = "Test_Speaker", "Test_Speaker\Test_Speaker.vcxproj", "{1882076E-DD4F-4AAD-B76A-DF926D6C9985}"
EndProject
Project("{8BC9CEB8-8B4A-11D0-8D11-00A0C91BC942}") = "Test_SDfat_Simple", "Test_SDfat_Simple\Test_SDfat_Simple.vcxproj", "{FC0C7147-0132-4BCD-B61D-5C8285AA85E5}"
EndProject
Project("{8BC9CEB8-8B4A-11D0-8D11-00A0C91BC942}") = "Test_IoT", "Test_IoT\Test_IoT.vcxproj", "{F5723E7E-CD3D-4CED-B104-EF05826D2A54}"
EndProject
Project("{8BC9CEB8-8B4A-11D0-8D11-00A0C91BC942}") = "Test_SDfat", "Test_SDfat\Test_SDfat.vcxproj", "{97CB2E3B-7BB0-466A-8597-891A525A1DA1}"
EndProject
Project("{8BC9CEB8-8B4A-11D0-8D11-00A0C91BC942}") = "Calibration", "Calibration\Calibration.vcxproj", "{B9C81F2D-173D-4164-A719-761598DB6F92}"
EndProject
Project("{8BC9CEB8-8B4A-11D0-8D11-00A0C91BC942}") = "RTC_Test", "RTC_Test\RTC_Test.vcxproj", "{2B3B5302-F072-4AC5-8FCC-CF247F349F5A}"
EndProject
Project("{8BC9CEB8-8B4A-11D0-8D11-00A0C91BC942}") = "Test_SSID", "Test_SSID\Test_SSID.vcxproj", "{8AEFE259-EC8E-45EE-A3A3-4FE58552D7A6}"
EndProject
Global
	GlobalSection(SolutionConfigurationPlatforms) = preSolution
		Debug|x86 = Debug|x86
		Release|x86 = Release|x86
	EndGlobalSection
	GlobalSection(ProjectConfigurationPlatforms) = postSolution
		{C5F80730-F44F-4478-BDAE-6634EFC2CA88}.Debug|x86.ActiveCfg = Debug|Win32
		{C5F80730-F44F-4478-BDAE-6634EFC2CA88}.Debug|x86.Build.0 = Debug|Win32
		{C5F80730-F44F-4478-BDAE-6634EFC2CA88}.Release|x86.ActiveCfg = Release|Win32
		{C5F80730-F44F-4478-BDAE-6634EFC2CA88}.Release|x86.Build.0 = Release|Win32
		{1882076E-DD4F-4AAD-B76A-DF926D6C9985}.Debug|x86.ActiveCfg = Debug|Win32
		{1882076E-DD4F-4AAD-B76A-DF926D6C9985}.Debug|x86.Build.0 = Debug|Win32
		{1882076E-DD4F-4AAD-B76A-DF926D6C9985}.Release|x86.ActiveCfg = Release|Win32
		{1882076E-DD4F-4AAD-B76A-DF926D6C9985}.Release|x86.Build.0 = Release|Win32
		{FC0C7147-0132-4BCD-B61D-5C8285AA85E5}.Debug|x86.ActiveCfg = Debug|Win32
		{FC0C7147-0132-4BCD-B61D-5C8285AA85E5}.Debug|x86.Build.0 = Debug|Win32
		{FC0C7147-0132-4BCD-B61D-5C8285AA85E5}.Release|x86.ActiveCfg = Release|Win32
		{FC0C7147-0132-4BCD-B61D-5C8285AA85E5}.Release|x86.Build.0 = Release|Win32
		{F5723E7E-CD3D-4CED-B104-EF05826D2A54}.Debug|x86.ActiveCfg = Debug|Win32
		{F5723E7E-CD3D-4CED-B104-EF05826D2A54}.Debug|x86.Build.0 = Debug|Win32
		{F5723E7E-CD3D-4CED-B104-EF05826D2A54}.Release|x86.ActiveCfg = Release|Win32
		{F5723E7E-CD3D-4CED-B104-EF05826D2A54}.Release|x86.Build.0 = Release|Win32
		{97CB2E3B-7BB0-466A-8597-891A525A1DA1}.Debug|x86.ActiveCfg = Debug|Win32
		{97CB2E3B-7BB0-466A-8597-891A525A1DA1}.Debug|x86.Build.0 = Debug|Win32
		{97CB2E3B-7BB0-466A-8597-891A525A1DA1}.Release|x86.ActiveCfg = Release|Win32
		{97CB2E3B-7BB0-466A-8597-891A525A1DA1}.Release|x86.Build.0 = Release|Win32
		{B9C81F2D-173D-4164-A719-761598DB6F92}.Debug|x86.ActiveCfg = Debug|Win32
		{B9C81F2D-173D-4164-A719-761598DB6F92}.Debug|x86.Build.0 = Debug|Win32
		{B9C81F2D-173D-4164-A719-761598DB6F92}.Release|x86.ActiveCfg = Release|Win32
		{B9C81F2D-173D-4164-A719-761598DB6F92}.Release|x86.Build.0 = Release|Win32
		{2B3B5302-F072-4AC5-8FCC-CF247F349F5A}.Debug|x86.ActiveCfg = Debug|Win32
		{2B3B5302-F072-4AC5-8FCC-CF247F349F5A}.Debug|x86.Build.0 = Debug|Win32
		{2B3B5302-F072-4AC5-8FCC-CF247F349F5A}.Release|x86.ActiveCfg = Release|Win32
		{2B3B5302-F072-4AC5-8FCC-CF247F349F5A}.Release|x86.Build.0 = Release|Win32
		{8AEFE259-EC8E-45EE-A3A3-4FE58552D7A6}.Debug|x86.ActiveCfg = Debug|Win32
		{8AEFE259-EC8E-45EE-A3A3-4FE58552D7A6}.Debug|x86.Build.0 = Debug|Win32
		{8AEFE259-EC8E-45EE-A3A3-4FE58552D7A6}.Release|x86.ActiveCfg = Release|Win32
		{8AEFE259-EC8E-45EE-A3A3-4FE58552D7A6}.Release|x86.Build.0 = Release|Win32
	EndGlobalSection
	GlobalSection(SolutionProperties) = preSolution
		HideSolutionNode = FALSE
	EndGlobalSection
	GlobalSection(ExtensibilityGlobals) = postSolution
		SolutionGuid = {230B4203-0BA0-451E-8044-530FF104ED97}
	EndGlobalSection
EndGlobal
