
Microsoft Visual Studio Solution File, Format Version 12.00
# Visual Studio Version 16
VisualStudioVersion = 16.0.30711.63
MinimumVisualStudioVersion = 10.0.40219.1
Project("{8BC9CEB8-8B4A-11D0-8D11-00A0C91BC942}") = "Arduino-code", "Arduino-code\Arduino-code.vcxproj", "{C5F80730-F44F-4478-BDAE-6634EFC2CA88}"
EndProject
Project("{8BC9CEB8-8B4A-11D0-8D11-00A0C91BC942}") = "Test_Speaker", "Test_Speaker\Test_Speaker.vcxproj", "{1882076E-DD4F-4AAD-B76A-DF926D6C9985}"
EndProject
Project("{8BC9CEB8-8B4A-11D0-8D11-00A0C91BC942}") = "Test_SDfat_Simple", "Test_SDfat_Simple\Test_SDfat_Simple.vcxproj", "{FC0C7147-0132-4BCD-B61D-5C8285AA85E5}"
EndProject
Project("{8BC9CEB8-8B4A-11D0-8D11-00A0C91BC942}") = "Test_IoT", "Test_IoT\Test_IoT.vcxproj", "{F5723E7E-CD3D-4CED-B104-EF05826D2A54}"
EndProject
Global
	GlobalSection(SolutionConfigurationPlatforms) = preSolution
		Debug|x86 = Debug|x86
		Release|x86 = Release|x86
	EndGlobalSection
	GlobalSection(ProjectConfigurationPlatforms) = postSolution
		{C5F80730-F44F-4478-BDAE-6634EFC2CA88}.Debug|x86.ActiveCfg = Debug|Win32
		{C5F80730-F44F-4478-BDAE-6634EFC2CA88}.Debug|x86.Build.0 = Debug|Win32
		{C5F80730-F44F-4478-BDAE-6634EFC2CA88}.Release|x86.ActiveCfg = Release|Win32
		{C5F80730-F44F-4478-BDAE-6634EFC2CA88}.Release|x86.Build.0 = Release|Win32
		{1882076E-DD4F-4AAD-B76A-DF926D6C9985}.Debug|x86.ActiveCfg = Debug|Win32
		{1882076E-DD4F-4AAD-B76A-DF926D6C9985}.Debug|x86.Build.0 = Debug|Win32
		{1882076E-DD4F-4AAD-B76A-DF926D6C9985}.Release|x86.ActiveCfg = Release|Win32
		{1882076E-DD4F-4AAD-B76A-DF926D6C9985}.Release|x86.Build.0 = Release|Win32
		{FC0C7147-0132-4BCD-B61D-5C8285AA85E5}.Debug|x86.ActiveCfg = Debug|Win32
		{FC0C7147-0132-4BCD-B61D-5C8285AA85E5}.Debug|x86.Build.0 = Debug|Win32
		{FC0C7147-0132-4BCD-B61D-5C8285AA85E5}.Release|x86.ActiveCfg = Release|Win32
		{FC0C7147-0132-4BCD-B61D-5C8285AA85E5}.Release|x86.Build.0 = Release|Win32
		{F5723E7E-CD3D-4CED-B104-EF05826D2A54}.Debug|x86.ActiveCfg = Debug|Win32
		{F5723E7E-CD3D-4CED-B104-EF05826D2A54}.Debug|x86.Build.0 = Debug|Win32
		{F5723E7E-CD3D-4CED-B104-EF05826D2A54}.Release|x86.ActiveCfg = Release|Win32
		{F5723E7E-CD3D-4CED-B104-EF05826D2A54}.Release|x86.Build.0 = Release|Win32
	EndGlobalSection
	GlobalSection(SolutionProperties) = preSolution
		HideSolutionNode = FALSE
	EndGlobalSection
	GlobalSection(ExtensibilityGlobals) = postSolution
		SolutionGuid = {230B4203-0BA0-451E-8044-530FF104ED97}
	EndGlobalSection
EndGlobal
